
Microsoft Visual Studio Solution File, Format Version 12.00
# Visual Studio Version 17
VisualStudioVersion = 17.6.33712.159
MinimumVisualStudioVersion = 10.0.40219.1
Project("{9A19103F-16F7-4668-BE54-9A1E7A4F7556}") = "Team_Info.API", "Master_Info.API\Team_Info.API.csproj", "{3B84856D-9542-4B5E-BB7E-B8AC66BC85FD}"
EndProject
Global
	GlobalSection(SolutionConfigurationPlatforms) = preSolution
		Debug|Any CPU = Debug|Any CPU
		Release|Any CPU = Release|Any CPU
	EndGlobalSection
	GlobalSection(ProjectConfigurationPlatforms) = postSolution
		{3B84856D-9542-4B5E-BB7E-B8AC66BC85FD}.Debug|Any CPU.ActiveCfg = Debug|Any CPU
		{3B84856D-9542-4B5E-BB7E-B8AC66BC85FD}.Debug|Any CPU.Build.0 = Debug|Any CPU
		{3B84856D-9542-4B5E-BB7E-B8AC66BC85FD}.Release|Any CPU.ActiveCfg = Release|Any CPU
		{3B84856D-9542-4B5E-BB7E-B8AC66BC85FD}.Release|Any CPU.Build.0 = Release|Any CPU
	EndGlobalSection
	GlobalSection(SolutionProperties) = preSolution
		HideSolutionNode = FALSE
	EndGlobalSection
	GlobalSection(ExtensibilityGlobals) = postSolution
		SolutionGuid = {F1342CD4-EE48-414C-B1F8-D96693CF8FA2}
	EndGlobalSection
EndGlobal
